
Microsoft Visual Studio Solution File, Format Version 12.00
# Visual Studio Version 16
VisualStudioVersion = 16.0.31515.178
MinimumVisualStudioVersion = 10.0.40219.1
Project("{2150E333-8FDC-42A3-9474-1A3956D46DE8}") = "src", "src", "{5334E96D-8DF4-467C-BE7E-ADE5043B40F7}"
EndProject
Project("{2150E333-8FDC-42A3-9474-1A3956D46DE8}") = "Solution Items", "Solution Items", "{4D6C916A-238F-4809-9519-4C0E7BA6B984}"
	ProjectSection(SolutionItems) = preProject
		ServiceUrls.txt = ServiceUrls.txt
	EndProjectSection
EndProject
Project("{2150E333-8FDC-42A3-9474-1A3956D46DE8}") = "ApiGateways", "ApiGateways", "{76ACD5E8-1827-4DB8-9402-883803587298}"
EndProject
Project("{2150E333-8FDC-42A3-9474-1A3956D46DE8}") = "BuildingBlocks", "BuildingBlocks", "{D8E1CBE0-4D1C-4F38-9FB9-09FAFACB3CB6}"
EndProject
Project("{2150E333-8FDC-42A3-9474-1A3956D46DE8}") = "Services", "Services", "{0BD90E3E-9F20-4670-8CE9-5083B9BEBBE8}"
EndProject
Project("{2150E333-8FDC-42A3-9474-1A3956D46DE8}") = "Clients", "Clients", "{9EBE44AB-C943-47E8-827A-2980C0743D54}"
EndProject
Project("{2150E333-8FDC-42A3-9474-1A3956D46DE8}") = "WebApiGateway", "WebApiGateway", "{185E3D98-C151-49B0-9727-1F656F1D7141}"
EndProject
Project("{FAE04EC0-301F-11D3-BF4B-00C04F79EFBC}") = "Web.ApiGateway", "src\ApiGateways\WebApiGateway\Web.ApiGateway\Web.ApiGateway.csproj", "{B47E0F07-B371-4CF3-9068-8408BC6FBCEE}"
EndProject
Project("{2150E333-8FDC-42A3-9474-1A3956D46DE8}") = "EventBus", "EventBus", "{49E8F333-BC22-45F4-A9C3-E2A9505E02F8}"
EndProject
Project("{FAE04EC0-301F-11D3-BF4B-00C04F79EFBC}") = "EventBus.Base", "src\BuildingBlocks\EventBus\EventBus.Base\EventBus.Base.csproj", "{E4033F47-0A19-4F49-8250-7F836383A31C}"
EndProject
Project("{FAE04EC0-301F-11D3-BF4B-00C04F79EFBC}") = "EventBus.Factory", "src\BuildingBlocks\EventBus\EventBus.Factory\EventBus.Factory.csproj", "{7CB7D461-DB33-4472-AE2E-88DD0B53C34F}"
EndProject
Project("{FAE04EC0-301F-11D3-BF4B-00C04F79EFBC}") = "EventBus.AzureServiceBus", "src\BuildingBlocks\EventBus\EventBus.AzureServiceBus\EventBus.AzureServiceBus.csproj", "{E507388A-6E5D-458C-9F7A-14871E95CDB0}"
EndProject
Project("{FAE04EC0-301F-11D3-BF4B-00C04F79EFBC}") = "EventBus.RabbitMQ", "src\BuildingBlocks\EventBus\EventBus.RabbitMQ\EventBus.RabbitMQ.csproj", "{227A0ACB-EEFA-4E0D-BAD8-1158F0AE329B}"
EndProject
Project("{2150E333-8FDC-42A3-9474-1A3956D46DE8}") = "BlazorWebApp", "BlazorWebApp", "{E6AEE18F-9CDE-4FAF-9B1C-E3AC2A3EED12}"
EndProject
Project("{FAE04EC0-301F-11D3-BF4B-00C04F79EFBC}") = "WebApp", "src\Clients\BlazorWebApp\WebApp\WebApp.csproj", "{C18A6113-30C1-48EC-8F38-614DE103C59C}"
EndProject
Project("{2150E333-8FDC-42A3-9474-1A3956D46DE8}") = "BasketService", "BasketService", "{756B600D-9E85-44DB-B6DF-01F74950F211}"
EndProject
Project("{FAE04EC0-301F-11D3-BF4B-00C04F79EFBC}") = "BasketService.Api", "src\Services\BasketService\BasketService.Api\BasketService.Api.csproj", "{49C08F9F-06D2-4145-9A90-9F86CEC04DCF}"
EndProject
Project("{2150E333-8FDC-42A3-9474-1A3956D46DE8}") = "CatalogService", "CatalogService", "{6D4EAF4F-F865-4932-83D7-1F45929EAFCB}"
EndProject
Project("{FAE04EC0-301F-11D3-BF4B-00C04F79EFBC}") = "CatalogService.Api", "src\Services\CatalogService\CatalogService.Api\CatalogService.Api.csproj", "{95035708-3569-4A6E-AC52-25FB0C5A6291}"
EndProject
Project("{2150E333-8FDC-42A3-9474-1A3956D46DE8}") = "IdentityService", "IdentityService", "{D77C9F24-DD09-471E-A4D3-E4E6D3D6C3D9}"
EndProject
Project("{FAE04EC0-301F-11D3-BF4B-00C04F79EFBC}") = "IdentityService.Api", "src\Services\IdentityService\IdentityService.Api\IdentityService.Api.csproj", "{23196A02-444D-4D89-B0DF-67859890D37F}"
EndProject
Project("{2150E333-8FDC-42A3-9474-1A3956D46DE8}") = "NotificationService", "NotificationService", "{50CBE63F-C5C5-4C52-9744-D43E3C0CFE3E}"
EndProject
Project("{FAE04EC0-301F-11D3-BF4B-00C04F79EFBC}") = "NotificationService", "src\Services\NotificationService\NotificationService\NotificationService.csproj", "{5088B3B1-B8B0-434D-94B3-632233A81F9D}"
EndProject
Project("{2150E333-8FDC-42A3-9474-1A3956D46DE8}") = "OrderService", "OrderService", "{21615E30-4A93-4BF8-8733-3A4E9ED331F1}"
EndProject
Project("{FAE04EC0-301F-11D3-BF4B-00C04F79EFBC}") = "OrderService.Domain", "src\Services\OrderService\OrderService.Domain\OrderService.Domain.csproj", "{DA9CA4BB-80D2-4B15-ADBB-A683AA9AC4B3}"
EndProject
Project("{FAE04EC0-301F-11D3-BF4B-00C04F79EFBC}") = "OrderService.Application", "src\Services\OrderService\OrderService.Application\OrderService.Application.csproj", "{D3123058-E7BA-4276-8618-0989B7C6D466}"
EndProject
Project("{FAE04EC0-301F-11D3-BF4B-00C04F79EFBC}") = "OrderService.Infrastructure", "src\Services\OrderService\OrderService.Infrastructure\OrderService.Infrastructure.csproj", "{F0D9DC4A-1558-492D-9C87-BFDAFE6E2522}"
EndProject
Project("{FAE04EC0-301F-11D3-BF4B-00C04F79EFBC}") = "OrderService.Api", "src\Services\OrderService\OrderService.Api\OrderService.Api.csproj", "{423182A8-CC73-46D2-A816-862F96E7CFD8}"
EndProject
Project("{2150E333-8FDC-42A3-9474-1A3956D46DE8}") = "PaymentService", "PaymentService", "{289FD539-48CE-4D9C-A399-DED6441CF54E}"
EndProject
Project("{FAE04EC0-301F-11D3-BF4B-00C04F79EFBC}") = "PaymentService.Api", "src\Services\PaymentService\PaymentService.Api\PaymentService.Api.csproj", "{950D5B58-D6A3-4BB8-8F30-E938B83D912F}"
EndProject
Global
	GlobalSection(SolutionConfigurationPlatforms) = preSolution
		Debug|Any CPU = Debug|Any CPU
		Release|Any CPU = Release|Any CPU
	EndGlobalSection
	GlobalSection(ProjectConfigurationPlatforms) = postSolution
		{B47E0F07-B371-4CF3-9068-8408BC6FBCEE}.Debug|Any CPU.ActiveCfg = Debug|Any CPU
		{B47E0F07-B371-4CF3-9068-8408BC6FBCEE}.Debug|Any CPU.Build.0 = Debug|Any CPU
		{B47E0F07-B371-4CF3-9068-8408BC6FBCEE}.Release|Any CPU.ActiveCfg = Release|Any CPU
		{B47E0F07-B371-4CF3-9068-8408BC6FBCEE}.Release|Any CPU.Build.0 = Release|Any CPU
		{E4033F47-0A19-4F49-8250-7F836383A31C}.Debug|Any CPU.ActiveCfg = Debug|Any CPU
		{E4033F47-0A19-4F49-8250-7F836383A31C}.Debug|Any CPU.Build.0 = Debug|Any CPU
		{E4033F47-0A19-4F49-8250-7F836383A31C}.Release|Any CPU.ActiveCfg = Release|Any CPU
		{E4033F47-0A19-4F49-8250-7F836383A31C}.Release|Any CPU.Build.0 = Release|Any CPU
		{7CB7D461-DB33-4472-AE2E-88DD0B53C34F}.Debug|Any CPU.ActiveCfg = Debug|Any CPU
		{7CB7D461-DB33-4472-AE2E-88DD0B53C34F}.Debug|Any CPU.Build.0 = Debug|Any CPU
		{7CB7D461-DB33-4472-AE2E-88DD0B53C34F}.Release|Any CPU.ActiveCfg = Release|Any CPU
		{7CB7D461-DB33-4472-AE2E-88DD0B53C34F}.Release|Any CPU.Build.0 = Release|Any CPU
		{E507388A-6E5D-458C-9F7A-14871E95CDB0}.Debug|Any CPU.ActiveCfg = Debug|Any CPU
		{E507388A-6E5D-458C-9F7A-14871E95CDB0}.Debug|Any CPU.Build.0 = Debug|Any CPU
		{E507388A-6E5D-458C-9F7A-14871E95CDB0}.Release|Any CPU.ActiveCfg = Release|Any CPU
		{E507388A-6E5D-458C-9F7A-14871E95CDB0}.Release|Any CPU.Build.0 = Release|Any CPU
		{227A0ACB-EEFA-4E0D-BAD8-1158F0AE329B}.Debug|Any CPU.ActiveCfg = Debug|Any CPU
		{227A0ACB-EEFA-4E0D-BAD8-1158F0AE329B}.Debug|Any CPU.Build.0 = Debug|Any CPU
		{227A0ACB-EEFA-4E0D-BAD8-1158F0AE329B}.Release|Any CPU.ActiveCfg = Release|Any CPU
		{227A0ACB-EEFA-4E0D-BAD8-1158F0AE329B}.Release|Any CPU.Build.0 = Release|Any CPU
		{C18A6113-30C1-48EC-8F38-614DE103C59C}.Debug|Any CPU.ActiveCfg = Debug|Any CPU
		{C18A6113-30C1-48EC-8F38-614DE103C59C}.Debug|Any CPU.Build.0 = Debug|Any CPU
		{C18A6113-30C1-48EC-8F38-614DE103C59C}.Release|Any CPU.ActiveCfg = Release|Any CPU
		{C18A6113-30C1-48EC-8F38-614DE103C59C}.Release|Any CPU.Build.0 = Release|Any CPU
		{49C08F9F-06D2-4145-9A90-9F86CEC04DCF}.Debug|Any CPU.ActiveCfg = Debug|Any CPU
		{49C08F9F-06D2-4145-9A90-9F86CEC04DCF}.Debug|Any CPU.Build.0 = Debug|Any CPU
		{49C08F9F-06D2-4145-9A90-9F86CEC04DCF}.Release|Any CPU.ActiveCfg = Release|Any CPU
		{49C08F9F-06D2-4145-9A90-9F86CEC04DCF}.Release|Any CPU.Build.0 = Release|Any CPU
		{95035708-3569-4A6E-AC52-25FB0C5A6291}.Debug|Any CPU.ActiveCfg = Debug|Any CPU
		{95035708-3569-4A6E-AC52-25FB0C5A6291}.Debug|Any CPU.Build.0 = Debug|Any CPU
		{95035708-3569-4A6E-AC52-25FB0C5A6291}.Release|Any CPU.ActiveCfg = Release|Any CPU
		{95035708-3569-4A6E-AC52-25FB0C5A6291}.Release|Any CPU.Build.0 = Release|Any CPU
		{23196A02-444D-4D89-B0DF-67859890D37F}.Debug|Any CPU.ActiveCfg = Debug|Any CPU
		{23196A02-444D-4D89-B0DF-67859890D37F}.Debug|Any CPU.Build.0 = Debug|Any CPU
		{23196A02-444D-4D89-B0DF-67859890D37F}.Release|Any CPU.ActiveCfg = Release|Any CPU
		{23196A02-444D-4D89-B0DF-67859890D37F}.Release|Any CPU.Build.0 = Release|Any CPU
		{5088B3B1-B8B0-434D-94B3-632233A81F9D}.Debug|Any CPU.ActiveCfg = Debug|Any CPU
		{5088B3B1-B8B0-434D-94B3-632233A81F9D}.Debug|Any CPU.Build.0 = Debug|Any CPU
		{5088B3B1-B8B0-434D-94B3-632233A81F9D}.Release|Any CPU.ActiveCfg = Release|Any CPU
		{5088B3B1-B8B0-434D-94B3-632233A81F9D}.Release|Any CPU.Build.0 = Release|Any CPU
		{DA9CA4BB-80D2-4B15-ADBB-A683AA9AC4B3}.Debug|Any CPU.ActiveCfg = Debug|Any CPU
		{DA9CA4BB-80D2-4B15-ADBB-A683AA9AC4B3}.Debug|Any CPU.Build.0 = Debug|Any CPU
		{DA9CA4BB-80D2-4B15-ADBB-A683AA9AC4B3}.Release|Any CPU.ActiveCfg = Release|Any CPU
		{DA9CA4BB-80D2-4B15-ADBB-A683AA9AC4B3}.Release|Any CPU.Build.0 = Release|Any CPU
		{D3123058-E7BA-4276-8618-0989B7C6D466}.Debug|Any CPU.ActiveCfg = Debug|Any CPU
		{D3123058-E7BA-4276-8618-0989B7C6D466}.Debug|Any CPU.Build.0 = Debug|Any CPU
		{D3123058-E7BA-4276-8618-0989B7C6D466}.Release|Any CPU.ActiveCfg = Release|Any CPU
		{D3123058-E7BA-4276-8618-0989B7C6D466}.Release|Any CPU.Build.0 = Release|Any CPU
		{F0D9DC4A-1558-492D-9C87-BFDAFE6E2522}.Debug|Any CPU.ActiveCfg = Debug|Any CPU
		{F0D9DC4A-1558-492D-9C87-BFDAFE6E2522}.Debug|Any CPU.Build.0 = Debug|Any CPU
		{F0D9DC4A-1558-492D-9C87-BFDAFE6E2522}.Release|Any CPU.ActiveCfg = Release|Any CPU
		{F0D9DC4A-1558-492D-9C87-BFDAFE6E2522}.Release|Any CPU.Build.0 = Release|Any CPU
		{423182A8-CC73-46D2-A816-862F96E7CFD8}.Debug|Any CPU.ActiveCfg = Debug|Any CPU
		{423182A8-CC73-46D2-A816-862F96E7CFD8}.Debug|Any CPU.Build.0 = Debug|Any CPU
		{423182A8-CC73-46D2-A816-862F96E7CFD8}.Release|Any CPU.ActiveCfg = Release|Any CPU
		{423182A8-CC73-46D2-A816-862F96E7CFD8}.Release|Any CPU.Build.0 = Release|Any CPU
		{950D5B58-D6A3-4BB8-8F30-E938B83D912F}.Debug|Any CPU.ActiveCfg = Debug|Any CPU
		{950D5B58-D6A3-4BB8-8F30-E938B83D912F}.Debug|Any CPU.Build.0 = Debug|Any CPU
		{950D5B58-D6A3-4BB8-8F30-E938B83D912F}.Release|Any CPU.ActiveCfg = Release|Any CPU
		{950D5B58-D6A3-4BB8-8F30-E938B83D912F}.Release|Any CPU.Build.0 = Release|Any CPU
	EndGlobalSection
	GlobalSection(SolutionProperties) = preSolution
		HideSolutionNode = FALSE
	EndGlobalSection
	GlobalSection(NestedProjects) = preSolution
		{76ACD5E8-1827-4DB8-9402-883803587298} = {5334E96D-8DF4-467C-BE7E-ADE5043B40F7}
		{D8E1CBE0-4D1C-4F38-9FB9-09FAFACB3CB6} = {5334E96D-8DF4-467C-BE7E-ADE5043B40F7}
		{0BD90E3E-9F20-4670-8CE9-5083B9BEBBE8} = {5334E96D-8DF4-467C-BE7E-ADE5043B40F7}
		{9EBE44AB-C943-47E8-827A-2980C0743D54} = {5334E96D-8DF4-467C-BE7E-ADE5043B40F7}
		{185E3D98-C151-49B0-9727-1F656F1D7141} = {76ACD5E8-1827-4DB8-9402-883803587298}
		{B47E0F07-B371-4CF3-9068-8408BC6FBCEE} = {185E3D98-C151-49B0-9727-1F656F1D7141}
		{49E8F333-BC22-45F4-A9C3-E2A9505E02F8} = {D8E1CBE0-4D1C-4F38-9FB9-09FAFACB3CB6}
		{E4033F47-0A19-4F49-8250-7F836383A31C} = {49E8F333-BC22-45F4-A9C3-E2A9505E02F8}
		{7CB7D461-DB33-4472-AE2E-88DD0B53C34F} = {49E8F333-BC22-45F4-A9C3-E2A9505E02F8}
		{E507388A-6E5D-458C-9F7A-14871E95CDB0} = {49E8F333-BC22-45F4-A9C3-E2A9505E02F8}
		{227A0ACB-EEFA-4E0D-BAD8-1158F0AE329B} = {49E8F333-BC22-45F4-A9C3-E2A9505E02F8}
		{E6AEE18F-9CDE-4FAF-9B1C-E3AC2A3EED12} = {9EBE44AB-C943-47E8-827A-2980C0743D54}
		{C18A6113-30C1-48EC-8F38-614DE103C59C} = {E6AEE18F-9CDE-4FAF-9B1C-E3AC2A3EED12}
		{756B600D-9E85-44DB-B6DF-01F74950F211} = {0BD90E3E-9F20-4670-8CE9-5083B9BEBBE8}
		{49C08F9F-06D2-4145-9A90-9F86CEC04DCF} = {756B600D-9E85-44DB-B6DF-01F74950F211}
		{6D4EAF4F-F865-4932-83D7-1F45929EAFCB} = {0BD90E3E-9F20-4670-8CE9-5083B9BEBBE8}
		{95035708-3569-4A6E-AC52-25FB0C5A6291} = {6D4EAF4F-F865-4932-83D7-1F45929EAFCB}
		{D77C9F24-DD09-471E-A4D3-E4E6D3D6C3D9} = {0BD90E3E-9F20-4670-8CE9-5083B9BEBBE8}
		{23196A02-444D-4D89-B0DF-67859890D37F} = {D77C9F24-DD09-471E-A4D3-E4E6D3D6C3D9}
		{50CBE63F-C5C5-4C52-9744-D43E3C0CFE3E} = {0BD90E3E-9F20-4670-8CE9-5083B9BEBBE8}
		{5088B3B1-B8B0-434D-94B3-632233A81F9D} = {50CBE63F-C5C5-4C52-9744-D43E3C0CFE3E}
		{21615E30-4A93-4BF8-8733-3A4E9ED331F1} = {0BD90E3E-9F20-4670-8CE9-5083B9BEBBE8}
		{DA9CA4BB-80D2-4B15-ADBB-A683AA9AC4B3} = {21615E30-4A93-4BF8-8733-3A4E9ED331F1}
		{D3123058-E7BA-4276-8618-0989B7C6D466} = {21615E30-4A93-4BF8-8733-3A4E9ED331F1}
		{F0D9DC4A-1558-492D-9C87-BFDAFE6E2522} = {21615E30-4A93-4BF8-8733-3A4E9ED331F1}
		{423182A8-CC73-46D2-A816-862F96E7CFD8} = {21615E30-4A93-4BF8-8733-3A4E9ED331F1}
		{289FD539-48CE-4D9C-A399-DED6441CF54E} = {0BD90E3E-9F20-4670-8CE9-5083B9BEBBE8}
		{950D5B58-D6A3-4BB8-8F30-E938B83D912F} = {289FD539-48CE-4D9C-A399-DED6441CF54E}
	EndGlobalSection
	GlobalSection(ExtensibilityGlobals) = postSolution
		SolutionGuid = {5E892AF8-3D48-4088-9EDC-300E5BA98654}
	EndGlobalSection
EndGlobal
